// !$*UTF8*$!
{
	archiveVersion = 1;
	classes = {
	};
	objectVersion = 46;
	objects = {

/* Begin PBXBuildFile section */
		260A9FF5184036A300024E9A /* Foundation.framework in Frameworks */ = {isa = PBXBuildFile; fileRef = 260A9FF4184036A300024E9A /* Foundation.framework */; };
		260A9FF7184036A300024E9A /* CoreGraphics.framework in Frameworks */ = {isa = PBXBuildFile; fileRef = 260A9FF6184036A300024E9A /* CoreGraphics.framework */; };
		260A9FF9184036A300024E9A /* UIKit.framework in Frameworks */ = {isa = PBXBuildFile; fileRef = 260A9FF8184036A300024E9A /* UIKit.framework */; };
		260A9FFF184036A300024E9A /* InfoPlist.strings in Resources */ = {isa = PBXBuildFile; fileRef = 260A9FFD184036A300024E9A /* InfoPlist.strings */; };
		260AA001184036A300024E9A /* main.m in Sources */ = {isa = PBXBuildFile; fileRef = 260AA000184036A300024E9A /* main.m */; };
		260AA005184036A300024E9A /* SFAppDelegate.m in Sources */ = {isa = PBXBuildFile; fileRef = 260AA004184036A300024E9A /* SFAppDelegate.m */; };
		260AA008184036A300024E9A /* Main.storyboard in Resources */ = {isa = PBXBuildFile; fileRef = 260AA006184036A300024E9A /* Main.storyboard */; };
		260AA010184036A300024E9A /* Images.xcassets in Resources */ = {isa = PBXBuildFile; fileRef = 260AA00F184036A300024E9A /* Images.xcassets */; };
		260AA017184036A300024E9A /* XCTest.framework in Frameworks */ = {isa = PBXBuildFile; fileRef = 260AA016184036A300024E9A /* XCTest.framework */; };
		260AA018184036A300024E9A /* Foundation.framework in Frameworks */ = {isa = PBXBuildFile; fileRef = 260A9FF4184036A300024E9A /* Foundation.framework */; };
		260AA019184036A300024E9A /* UIKit.framework in Frameworks */ = {isa = PBXBuildFile; fileRef = 260A9FF8184036A300024E9A /* UIKit.framework */; };
		260AA021184036A300024E9A /* InfoPlist.strings in Resources */ = {isa = PBXBuildFile; fileRef = 260AA01F184036A300024E9A /* InfoPlist.strings */; };
		260AA023184036A300024E9A /* SFFinancialCalculatorTests.m in Sources */ = {isa = PBXBuildFile; fileRef = 260AA022184036A300024E9A /* SFFinancialCalculatorTests.m */; };
		260AA02F184037F800024E9A /* SFCalculator.m in Sources */ = {isa = PBXBuildFile; fileRef = 260AA02E184037F800024E9A /* SFCalculator.m */; };
		260AA03218403D5C00024E9A /* SFPresentValueCalculator.m in Sources */ = {isa = PBXBuildFile; fileRef = 260AA03118403D5C00024E9A /* SFPresentValueCalculator.m */; };
		260AA0371840497600024E9A /* SFPresentValueCalculatorTests.m in Sources */ = {isa = PBXBuildFile; fileRef = 260AA0361840497600024E9A /* SFPresentValueCalculatorTests.m */; };
		260AA03A18404EFC00024E9A /* SFPresentValueViewController.m in Sources */ = {isa = PBXBuildFile; fileRef = 260AA03918404EFC00024E9A /* SFPresentValueViewController.m */; };
		2658E6C0184533D700FAE0A0 /* SFAnnuityCalculatorTests.m in Sources */ = {isa = PBXBuildFile; fileRef = 2658E6BF184533D700FAE0A0 /* SFAnnuityCalculatorTests.m */; };
		2658E6C61845669700FAE0A0 /* SFCashFlowViewController.m in Sources */ = {isa = PBXBuildFile; fileRef = 2658E6C51845669700FAE0A0 /* SFCashFlowViewController.m */; };
		268975421841B08A009DD2F3 /* SFClosedFormBondViewController.m in Sources */ = {isa = PBXBuildFile; fileRef = 268975411841B08A009DD2F3 /* SFClosedFormBondViewController.m */; };
		26C961121843B58B00DDD2D1 /* SFAnnuityViewController.m in Sources */ = {isa = PBXBuildFile; fileRef = 26C961111843B58B00DDD2D1 /* SFAnnuityViewController.m */; };
		26C961151843BAC200DDD2D1 /* SFClosedFormBondCalculator.m in Sources */ = {isa = PBXBuildFile; fileRef = 26C961141843BAC200DDD2D1 /* SFClosedFormBondCalculator.m */; };
		26C961181843C40F00DDD2D1 /* SFAnnuityCalculator.m in Sources */ = {isa = PBXBuildFile; fileRef = 26C961171843C40F00DDD2D1 /* SFAnnuityCalculator.m */; };
/* End PBXBuildFile section */

/* Begin PBXContainerItemProxy section */
		260AA01A184036A300024E9A /* PBXContainerItemProxy */ = {
			isa = PBXContainerItemProxy;
			containerPortal = 260A9FE9184036A300024E9A /* Project object */;
			proxyType = 1;
			remoteGlobalIDString = 260A9FF0184036A300024E9A;
			remoteInfo = SFFinancialCalculator;
		};
/* End PBXContainerItemProxy section */

/* Begin PBXFileReference section */
		260A9FF1184036A300024E9A /* SFFinancialCalculator.app */ = {isa = PBXFileReference; explicitFileType = wrapper.application; includeInIndex = 0; path = SFFinancialCalculator.app; sourceTree = BUILT_PRODUCTS_DIR; };
		260A9FF4184036A300024E9A /* Foundation.framework */ = {isa = PBXFileReference; lastKnownFileType = wrapper.framework; name = Foundation.framework; path = System/Library/Frameworks/Foundation.framework; sourceTree = SDKROOT; };
		260A9FF6184036A300024E9A /* CoreGraphics.framework */ = {isa = PBXFileReference; lastKnownFileType = wrapper.framework; name = CoreGraphics.framework; path = System/Library/Frameworks/CoreGraphics.framework; sourceTree = SDKROOT; };
		260A9FF8184036A300024E9A /* UIKit.framework */ = {isa = PBXFileReference; lastKnownFileType = wrapper.framework; name = UIKit.framework; path = System/Library/Frameworks/UIKit.framework; sourceTree = SDKROOT; };
		260A9FFC184036A300024E9A /* SFFinancialCalculator-Info.plist */ = {isa = PBXFileReference; lastKnownFileType = text.plist.xml; path = "SFFinancialCalculator-Info.plist"; sourceTree = "<group>"; };
		260A9FFE184036A300024E9A /* en */ = {isa = PBXFileReference; lastKnownFileType = text.plist.strings; name = en; path = en.lproj/InfoPlist.strings; sourceTree = "<group>"; };
		260AA000184036A300024E9A /* main.m */ = {isa = PBXFileReference; lastKnownFileType = sourcecode.c.objc; path = main.m; sourceTree = "<group>"; };
		260AA002184036A300024E9A /* SFFinancialCalculator-Prefix.pch */ = {isa = PBXFileReference; lastKnownFileType = sourcecode.c.h; path = "SFFinancialCalculator-Prefix.pch"; sourceTree = "<group>"; };
		260AA003184036A300024E9A /* SFAppDelegate.h */ = {isa = PBXFileReference; lastKnownFileType = sourcecode.c.h; path = SFAppDelegate.h; sourceTree = "<group>"; };
		260AA004184036A300024E9A /* SFAppDelegate.m */ = {isa = PBXFileReference; lastKnownFileType = sourcecode.c.objc; path = SFAppDelegate.m; sourceTree = "<group>"; };
		260AA007184036A300024E9A /* Base */ = {isa = PBXFileReference; lastKnownFileType = file.storyboard; name = Base; path = Base.lproj/Main.storyboard; sourceTree = "<group>"; };
		260AA00F184036A300024E9A /* Images.xcassets */ = {isa = PBXFileReference; lastKnownFileType = folder.assetcatalog; path = Images.xcassets; sourceTree = "<group>"; };
		260AA015184036A300024E9A /* SFFinancialCalculatorTests.xctest */ = {isa = PBXFileReference; explicitFileType = wrapper.cfbundle; includeInIndex = 0; path = SFFinancialCalculatorTests.xctest; sourceTree = BUILT_PRODUCTS_DIR; };
		260AA016184036A300024E9A /* XCTest.framework */ = {isa = PBXFileReference; lastKnownFileType = wrapper.framework; name = XCTest.framework; path = Library/Frameworks/XCTest.framework; sourceTree = DEVELOPER_DIR; };
		260AA01E184036A300024E9A /* SFFinancialCalculatorTests-Info.plist */ = {isa = PBXFileReference; lastKnownFileType = text.plist.xml; path = "SFFinancialCalculatorTests-Info.plist"; sourceTree = "<group>"; };
		260AA020184036A300024E9A /* en */ = {isa = PBXFileReference; lastKnownFileType = text.plist.strings; name = en; path = en.lproj/InfoPlist.strings; sourceTree = "<group>"; };
		260AA022184036A300024E9A /* SFFinancialCalculatorTests.m */ = {isa = PBXFileReference; lastKnownFileType = sourcecode.c.objc; path = SFFinancialCalculatorTests.m; sourceTree = "<group>"; };
		260AA02D184037F800024E9A /* SFCalculator.h */ = {isa = PBXFileReference; fileEncoding = 4; lastKnownFileType = sourcecode.c.h; path = SFCalculator.h; sourceTree = "<group>"; };
		260AA02E184037F800024E9A /* SFCalculator.m */ = {isa = PBXFileReference; fileEncoding = 4; lastKnownFileType = sourcecode.c.objc; path = SFCalculator.m; sourceTree = "<group>"; };
		260AA03018403D5C00024E9A /* SFPresentValueCalculator.h */ = {isa = PBXFileReference; fileEncoding = 4; lastKnownFileType = sourcecode.c.h; path = SFPresentValueCalculator.h; sourceTree = "<group>"; };
		260AA03118403D5C00024E9A /* SFPresentValueCalculator.m */ = {isa = PBXFileReference; fileEncoding = 4; lastKnownFileType = sourcecode.c.objc; path = SFPresentValueCalculator.m; sourceTree = "<group>"; };
		260AA0361840497600024E9A /* SFPresentValueCalculatorTests.m */ = {isa = PBXFileReference; fileEncoding = 4; lastKnownFileType = sourcecode.c.objc; path = SFPresentValueCalculatorTests.m; sourceTree = "<group>"; };
		260AA03818404EFC00024E9A /* SFPresentValueViewController.h */ = {isa = PBXFileReference; fileEncoding = 4; lastKnownFileType = sourcecode.c.h; path = SFPresentValueViewController.h; sourceTree = "<group>"; };
		260AA03918404EFC00024E9A /* SFPresentValueViewController.m */ = {isa = PBXFileReference; fileEncoding = 4; lastKnownFileType = sourcecode.c.objc; path = SFPresentValueViewController.m; sourceTree = "<group>"; };
		2658E6BF184533D700FAE0A0 /* SFAnnuityCalculatorTests.m */ = {isa = PBXFileReference; fileEncoding = 4; lastKnownFileType = sourcecode.c.objc; path = SFAnnuityCalculatorTests.m; sourceTree = "<group>"; };
		2658E6C41845669700FAE0A0 /* SFCashFlowViewController.h */ = {isa = PBXFileReference; fileEncoding = 4; lastKnownFileType = sourcecode.c.h; path = SFCashFlowViewController.h; sourceTree = "<group>"; };
		2658E6C51845669700FAE0A0 /* SFCashFlowViewController.m */ = {isa = PBXFileReference; fileEncoding = 4; lastKnownFileType = sourcecode.c.objc; path = SFCashFlowViewController.m; sourceTree = "<group>"; };
		268975401841B08A009DD2F3 /* SFClosedFormBondViewController.h */ = {isa = PBXFileReference; fileEncoding = 4; lastKnownFileType = sourcecode.c.h; path = SFClosedFormBondViewController.h; sourceTree = "<group>"; };
		268975411841B08A009DD2F3 /* SFClosedFormBondViewController.m */ = {isa = PBXFileReference; fileEncoding = 4; lastKnownFileType = sourcecode.c.objc; path = SFClosedFormBondViewController.m; sourceTree = "<group>"; };
		26C961101843B58B00DDD2D1 /* SFAnnuityViewController.h */ = {isa = PBXFileReference; fileEncoding = 4; lastKnownFileType = sourcecode.c.h; path = SFAnnuityViewController.h; sourceTree = "<group>"; };
		26C961111843B58B00DDD2D1 /* SFAnnuityViewController.m */ = {isa = PBXFileReference; fileEncoding = 4; lastKnownFileType = sourcecode.c.objc; path = SFAnnuityViewController.m; sourceTree = "<group>"; };
		26C961131843BAC200DDD2D1 /* SFClosedFormBondCalculator.h */ = {isa = PBXFileReference; fileEncoding = 4; lastKnownFileType = sourcecode.c.h; path = SFClosedFormBondCalculator.h; sourceTree = "<group>"; };
		26C961141843BAC200DDD2D1 /* SFClosedFormBondCalculator.m */ = {isa = PBXFileReference; fileEncoding = 4; lastKnownFileType = sourcecode.c.objc; path = SFClosedFormBondCalculator.m; sourceTree = "<group>"; };
		26C961161843C40F00DDD2D1 /* SFAnnuityCalculator.h */ = {isa = PBXFileReference; fileEncoding = 4; lastKnownFileType = sourcecode.c.h; path = SFAnnuityCalculator.h; sourceTree = "<group>"; };
		26C961171843C40F00DDD2D1 /* SFAnnuityCalculator.m */ = {isa = PBXFileReference; fileEncoding = 4; lastKnownFileType = sourcecode.c.objc; path = SFAnnuityCalculator.m; sourceTree = "<group>"; };
/* End PBXFileReference section */

/* Begin PBXFrameworksBuildPhase section */
		260A9FEE184036A300024E9A /* Frameworks */ = {
			isa = PBXFrameworksBuildPhase;
			buildActionMask = 2147483647;
			files = (
				260A9FF7184036A300024E9A /* CoreGraphics.framework in Frameworks */,
				260A9FF9184036A300024E9A /* UIKit.framework in Frameworks */,
				260A9FF5184036A300024E9A /* Foundation.framework in Frameworks */,
			);
			runOnlyForDeploymentPostprocessing = 0;
		};
		260AA012184036A300024E9A /* Frameworks */ = {
			isa = PBXFrameworksBuildPhase;
			buildActionMask = 2147483647;
			files = (
				260AA017184036A300024E9A /* XCTest.framework in Frameworks */,
				260AA019184036A300024E9A /* UIKit.framework in Frameworks */,
				260AA018184036A300024E9A /* Foundation.framework in Frameworks */,
			);
			runOnlyForDeploymentPostprocessing = 0;
		};
/* End PBXFrameworksBuildPhase section */

/* Begin PBXGroup section */
		260A9FE8184036A300024E9A = {
			isa = PBXGroup;
			children = (
				260A9FFA184036A300024E9A /* SFFinancialCalculator */,
				260AA01C184036A300024E9A /* SFFinancialCalculatorTests */,
				260A9FF3184036A300024E9A /* Frameworks */,
				260A9FF2184036A300024E9A /* Products */,
			);
			sourceTree = "<group>";
		};
		260A9FF2184036A300024E9A /* Products */ = {
			isa = PBXGroup;
			children = (
				260A9FF1184036A300024E9A /* SFFinancialCalculator.app */,
				260AA015184036A300024E9A /* SFFinancialCalculatorTests.xctest */,
			);
			name = Products;
			sourceTree = "<group>";
		};
		260A9FF3184036A300024E9A /* Frameworks */ = {
			isa = PBXGroup;
			children = (
				260A9FF4184036A300024E9A /* Foundation.framework */,
				260A9FF6184036A300024E9A /* CoreGraphics.framework */,
				260A9FF8184036A300024E9A /* UIKit.framework */,
				260AA016184036A300024E9A /* XCTest.framework */,
			);
			name = Frameworks;
			sourceTree = "<group>";
		};
		260A9FFA184036A300024E9A /* SFFinancialCalculator */ = {
			isa = PBXGroup;
			children = (
				260AA003184036A300024E9A /* SFAppDelegate.h */,
				260AA004184036A300024E9A /* SFAppDelegate.m */,
				260AA006184036A300024E9A /* Main.storyboard */,
				260AA03818404EFC00024E9A /* SFPresentValueViewController.h */,
				260AA03918404EFC00024E9A /* SFPresentValueViewController.m */,
				268975401841B08A009DD2F3 /* SFClosedFormBondViewController.h */,
				268975411841B08A009DD2F3 /* SFClosedFormBondViewController.m */,
				26C961101843B58B00DDD2D1 /* SFAnnuityViewController.h */,
				26C961111843B58B00DDD2D1 /* SFAnnuityViewController.m */,
				260AA00F184036A300024E9A /* Images.xcassets */,
				2658E6C41845669700FAE0A0 /* SFCashFlowViewController.h */,
				2658E6C51845669700FAE0A0 /* SFCashFlowViewController.m */,
				260AA02C184037CC00024E9A /* Logic */,
				260A9FFB184036A300024E9A /* Supporting Files */,
			);
			path = SFFinancialCalculator;
			sourceTree = "<group>";
		};
		260A9FFB184036A300024E9A /* Supporting Files */ = {
			isa = PBXGroup;
			children = (
				260A9FFC184036A300024E9A /* SFFinancialCalculator-Info.plist */,
				260A9FFD184036A300024E9A /* InfoPlist.strings */,
				260AA000184036A300024E9A /* main.m */,
				260AA002184036A300024E9A /* SFFinancialCalculator-Prefix.pch */,
			);
			name = "Supporting Files";
			sourceTree = "<group>";
		};
		260AA01C184036A300024E9A /* SFFinancialCalculatorTests */ = {
			isa = PBXGroup;
			children = (
				260AA022184036A300024E9A /* SFFinancialCalculatorTests.m */,
				260AA0361840497600024E9A /* SFPresentValueCalculatorTests.m */,
				2658E6BF184533D700FAE0A0 /* SFAnnuityCalculatorTests.m */,
				260AA01D184036A300024E9A /* Supporting Files */,
			);
			path = SFFinancialCalculatorTests;
			sourceTree = "<group>";
		};
		260AA01D184036A300024E9A /* Supporting Files */ = {
			isa = PBXGroup;
			children = (
				260AA01E184036A300024E9A /* SFFinancialCalculatorTests-Info.plist */,
				260AA01F184036A300024E9A /* InfoPlist.strings */,
			);
			name = "Supporting Files";
			sourceTree = "<group>";
		};
		260AA02C184037CC00024E9A /* Logic */ = {
			isa = PBXGroup;
			children = (
				260AA02D184037F800024E9A /* SFCalculator.h */,
				260AA02E184037F800024E9A /* SFCalculator.m */,
				260AA03018403D5C00024E9A /* SFPresentValueCalculator.h */,
				260AA03118403D5C00024E9A /* SFPresentValueCalculator.m */,
				26C961131843BAC200DDD2D1 /* SFClosedFormBondCalculator.h */,
				26C961141843BAC200DDD2D1 /* SFClosedFormBondCalculator.m */,
				26C961161843C40F00DDD2D1 /* SFAnnuityCalculator.h */,
				26C961171843C40F00DDD2D1 /* SFAnnuityCalculator.m */,
			);
			name = Logic;
			sourceTree = "<group>";
		};
/* End PBXGroup section */

/* Begin PBXNativeTarget section */
		260A9FF0184036A300024E9A /* SFFinancialCalculator */ = {
			isa = PBXNativeTarget;
			buildConfigurationList = 260AA026184036A300024E9A /* Build configuration list for PBXNativeTarget "SFFinancialCalculator" */;
			buildPhases = (
				260A9FED184036A300024E9A /* Sources */,
				260A9FEE184036A300024E9A /* Frameworks */,
				260A9FEF184036A300024E9A /* Resources */,
			);
			buildRules = (
			);
			dependencies = (
			);
			name = SFFinancialCalculator;
			productName = SFFinancialCalculator;
			productReference = 260A9FF1184036A300024E9A /* SFFinancialCalculator.app */;
			productType = "com.apple.product-type.application";
		};
		260AA014184036A300024E9A /* SFFinancialCalculatorTests */ = {
			isa = PBXNativeTarget;
			buildConfigurationList = 260AA029184036A300024E9A /* Build configuration list for PBXNativeTarget "SFFinancialCalculatorTests" */;
			buildPhases = (
				260AA011184036A300024E9A /* Sources */,
				260AA012184036A300024E9A /* Frameworks */,
				260AA013184036A300024E9A /* Resources */,
			);
			buildRules = (
			);
			dependencies = (
				260AA01B184036A300024E9A /* PBXTargetDependency */,
			);
			name = SFFinancialCalculatorTests;
			productName = SFFinancialCalculatorTests;
			productReference = 260AA015184036A300024E9A /* SFFinancialCalculatorTests.xctest */;
			productType = "com.apple.product-type.bundle.unit-test";
		};
/* End PBXNativeTarget section */

/* Begin PBXProject section */
		260A9FE9184036A300024E9A /* Project object */ = {
			isa = PBXProject;
			attributes = {
				CLASSPREFIX = SF;
				LastUpgradeCheck = 0500;
				ORGANIZATIONNAME = "University of Nebraska - Lincoln";
				TargetAttributes = {
					260A9FF0184036A300024E9A = {
						DevelopmentTeam = Y8LM7XP9Z3;
					};
					260AA014184036A300024E9A = {
						TestTargetID = 260A9FF0184036A300024E9A;
					};
				};
			};
			buildConfigurationList = 260A9FEC184036A300024E9A /* Build configuration list for PBXProject "SFFinancialCalculator" */;
			compatibilityVersion = "Xcode 3.2";
			developmentRegion = English;
			hasScannedForEncodings = 0;
			knownRegions = (
				en,
				Base,
			);
			mainGroup = 260A9FE8184036A300024E9A;
			productRefGroup = 260A9FF2184036A300024E9A /* Products */;
			projectDirPath = "";
			projectRoot = "";
			targets = (
				260A9FF0184036A300024E9A /* SFFinancialCalculator */,
				260AA014184036A300024E9A /* SFFinancialCalculatorTests */,
			);
		};
/* End PBXProject section */

/* Begin PBXResourcesBuildPhase section */
		260A9FEF184036A300024E9A /* Resources */ = {
			isa = PBXResourcesBuildPhase;
			buildActionMask = 2147483647;
			files = (
				260AA010184036A300024E9A /* Images.xcassets in Resources */,
				260A9FFF184036A300024E9A /* InfoPlist.strings in Resources */,
				260AA008184036A300024E9A /* Main.storyboard in Resources */,
			);
			runOnlyForDeploymentPostprocessing = 0;
		};
		260AA013184036A300024E9A /* Resources */ = {
			isa = PBXResourcesBuildPhase;
			buildActionMask = 2147483647;
			files = (
				260AA021184036A300024E9A /* InfoPlist.strings in Resources */,
			);
			runOnlyForDeploymentPostprocessing = 0;
		};
/* End PBXResourcesBuildPhase section */

/* Begin PBXSourcesBuildPhase section */
		260A9FED184036A300024E9A /* Sources */ = {
			isa = PBXSourcesBuildPhase;
			buildActionMask = 2147483647;
			files = (
				268975421841B08A009DD2F3 /* SFClosedFormBondViewController.m in Sources */,
				260AA001184036A300024E9A /* main.m in Sources */,
				26C961151843BAC200DDD2D1 /* SFClosedFormBondCalculator.m in Sources */,
				2658E6C61845669700FAE0A0 /* SFCashFlowViewController.m in Sources */,
				26C961181843C40F00DDD2D1 /* SFAnnuityCalculator.m in Sources */,
				260AA005184036A300024E9A /* SFAppDelegate.m in Sources */,
				26C961121843B58B00DDD2D1 /* SFAnnuityViewController.m in Sources */,
				260AA03A18404EFC00024E9A /* SFPresentValueViewController.m in Sources */,
				260AA03218403D5C00024E9A /* SFPresentValueCalculator.m in Sources */,
				260AA02F184037F800024E9A /* SFCalculator.m in Sources */,
			);
			runOnlyForDeploymentPostprocessing = 0;
		};
		260AA011184036A300024E9A /* Sources */ = {
			isa = PBXSourcesBuildPhase;
			buildActionMask = 2147483647;
			files = (
				260AA0371840497600024E9A /* SFPresentValueCalculatorTests.m in Sources */,
				2658E6C0184533D700FAE0A0 /* SFAnnuityCalculatorTests.m in Sources */,
				260AA023184036A300024E9A /* SFFinancialCalculatorTests.m in Sources */,
			);
			runOnlyForDeploymentPostprocessing = 0;
		};
/* End PBXSourcesBuildPhase section */

/* Begin PBXTargetDependency section */
		260AA01B184036A300024E9A /* PBXTargetDependency */ = {
			isa = PBXTargetDependency;
			target = 260A9FF0184036A300024E9A /* SFFinancialCalculator */;
			targetProxy = 260AA01A184036A300024E9A /* PBXContainerItemProxy */;
		};
/* End PBXTargetDependency section */

/* Begin PBXVariantGroup section */
		260A9FFD184036A300024E9A /* InfoPlist.strings */ = {
			isa = PBXVariantGroup;
			children = (
				260A9FFE184036A300024E9A /* en */,
			);
			name = InfoPlist.strings;
			sourceTree = "<group>";
		};
		260AA006184036A300024E9A /* Main.storyboard */ = {
			isa = PBXVariantGroup;
			children = (
				260AA007184036A300024E9A /* Base */,
			);
			name = Main.storyboard;
			sourceTree = "<group>";
		};
		260AA01F184036A300024E9A /* InfoPlist.strings */ = {
			isa = PBXVariantGroup;
			children = (
				260AA020184036A300024E9A /* en */,
			);
			name = InfoPlist.strings;
			sourceTree = "<group>";
		};
/* End PBXVariantGroup section */

/* Begin XCBuildConfiguration section */
		260AA024184036A300024E9A /* Debug */ = {
			isa = XCBuildConfiguration;
			buildSettings = {
				ALWAYS_SEARCH_USER_PATHS = NO;
				ARCHS = "$(ARCHS_STANDARD_INCLUDING_64_BIT)";
				CLANG_CXX_LANGUAGE_STANDARD = "gnu++0x";
				CLANG_CXX_LIBRARY = "libc++";
				CLANG_ENABLE_MODULES = YES;
				CLANG_ENABLE_OBJC_ARC = YES;
				CLANG_WARN_BOOL_CONVERSION = YES;
				CLANG_WARN_CONSTANT_CONVERSION = YES;
				CLANG_WARN_DIRECT_OBJC_ISA_USAGE = YES_ERROR;
				CLANG_WARN_EMPTY_BODY = YES;
				CLANG_WARN_ENUM_CONVERSION = YES;
				CLANG_WARN_INT_CONVERSION = YES;
				CLANG_WARN_OBJC_ROOT_CLASS = YES_ERROR;
				CLANG_WARN__DUPLICATE_METHOD_MATCH = YES;
				"CODE_SIGN_IDENTITY[sdk=iphoneos*]" = "iPhone Developer";
				COPY_PHASE_STRIP = NO;
				GCC_C_LANGUAGE_STANDARD = gnu99;
				GCC_DYNAMIC_NO_PIC = NO;
				GCC_OPTIMIZATION_LEVEL = 0;
				GCC_PREPROCESSOR_DEFINITIONS = (
					"DEBUG=1",
					"$(inherited)",
				);
				GCC_SYMBOLS_PRIVATE_EXTERN = NO;
				GCC_WARN_64_TO_32_BIT_CONVERSION = YES;
				GCC_WARN_ABOUT_RETURN_TYPE = YES_ERROR;
				GCC_WARN_UNDECLARED_SELECTOR = YES;
				GCC_WARN_UNINITIALIZED_AUTOS = YES;
				GCC_WARN_UNUSED_FUNCTION = YES;
				GCC_WARN_UNUSED_VARIABLE = YES;
				IPHONEOS_DEPLOYMENT_TARGET = 7.0;
				ONLY_ACTIVE_ARCH = YES;
				SDKROOT = iphoneos;
			};
			name = Debug;
		};
		260AA025184036A300024E9A /* Release */ = {
			isa = XCBuildConfiguration;
			buildSettings = {
				ALWAYS_SEARCH_USER_PATHS = NO;
				ARCHS = "$(ARCHS_STANDARD_INCLUDING_64_BIT)";
				CLANG_CXX_LANGUAGE_STANDARD = "gnu++0x";
				CLANG_CXX_LIBRARY = "libc++";
				CLANG_ENABLE_MODULES = YES;
				CLANG_ENABLE_OBJC_ARC = YES;
				CLANG_WARN_BOOL_CONVERSION = YES;
				CLANG_WARN_CONSTANT_CONVERSION = YES;
				CLANG_WARN_DIRECT_OBJC_ISA_USAGE = YES_ERROR;
				CLANG_WARN_EMPTY_BODY = YES;
				CLANG_WARN_ENUM_CONVERSION = YES;
				CLANG_WARN_INT_CONVERSION = YES;
				CLANG_WARN_OBJC_ROOT_CLASS = YES_ERROR;
				CLANG_WARN__DUPLICATE_METHOD_MATCH = YES;
				"CODE_SIGN_IDENTITY[sdk=iphoneos*]" = "iPhone Developer";
				COPY_PHASE_STRIP = YES;
				ENABLE_NS_ASSERTIONS = NO;
				GCC_C_LANGUAGE_STANDARD = gnu99;
				GCC_WARN_64_TO_32_BIT_CONVERSION = YES;
				GCC_WARN_ABOUT_RETURN_TYPE = YES_ERROR;
				GCC_WARN_UNDECLARED_SELECTOR = YES;
				GCC_WARN_UNINITIALIZED_AUTOS = YES;
				GCC_WARN_UNUSED_FUNCTION = YES;
				GCC_WARN_UNUSED_VARIABLE = YES;
				IPHONEOS_DEPLOYMENT_TARGET = 7.0;
				SDKROOT = iphoneos;
				VALIDATE_PRODUCT = YES;
			};
			name = Release;
		};
		260AA027184036A300024E9A /* Debug */ = {
			isa = XCBuildConfiguration;
			buildSettings = {
				ASSETCATALOG_COMPILER_APPICON_NAME = AppIcon;
				ASSETCATALOG_COMPILER_LAUNCHIMAGE_NAME = LaunchImage;
				CODE_SIGN_IDENTITY = "iPhone Developer";
				"CODE_SIGN_IDENTITY[sdk=iphoneos*]" = "iPhone Developer: Ian Cottingham (FS7ZKN4U58)";
				GCC_PRECOMPILE_PREFIX_HEADER = YES;
				GCC_PREFIX_HEADER = "SFFinancialCalculator/SFFinancialCalculator-Prefix.pch";
				INFOPLIST_FILE = "SFFinancialCalculator/SFFinancialCalculator-Info.plist";
				PRODUCT_NAME = "$(TARGET_NAME)";
				WRAPPER_EXTENSION = app;
			};
			name = Debug;
		};
		260AA028184036A300024E9A /* Release */ = {
			isa = XCBuildConfiguration;
			buildSettings = {
				ASSETCATALOG_COMPILER_APPICON_NAME = AppIcon;
				ASSETCATALOG_COMPILER_LAUNCHIMAGE_NAME = LaunchImage;
				CODE_SIGN_IDENTITY = "iPhone Developer";
				"CODE_SIGN_IDENTITY[sdk=iphoneos*]" = "iPhone Developer: Ian Cottingham (FS7ZKN4U58)";
				GCC_PRECOMPILE_PREFIX_HEADER = YES;
				GCC_PREFIX_HEADER = "SFFinancialCalculator/SFFinancialCalculator-Prefix.pch";
				INFOPLIST_FILE = "SFFinancialCalculator/SFFinancialCalculator-Info.plist";
				PRODUCT_NAME = "$(TARGET_NAME)";
				WRAPPER_EXTENSION = app;
			};
			name = Release;
		};
		260AA02A184036A300024E9A /* Debug */ = {
			isa = XCBuildConfiguration;
			buildSettings = {
				ARCHS = "$(ARCHS_STANDARD_INCLUDING_64_BIT)";
				BUNDLE_LOADER = "$(BUILT_PRODUCTS_DIR)/SFFinancialCalculator.app/SFFinancialCalculator";
				FRAMEWORK_SEARCH_PATHS = (
					"$(SDKROOT)/Developer/Library/Frameworks",
					"$(inherited)",
					"$(DEVELOPER_FRAMEWORKS_DIR)",
				);
				GCC_PRECOMPILE_PREFIX_HEADER = YES;
				GCC_PREFIX_HEADER = "SFFinancialCalculator/SFFinancialCalculator-Prefix.pch";
				GCC_PREPROCESSOR_DEFINITIONS = (
					"DEBUG=1",
					"$(inherited)",
				);
				INFOPLIST_FILE = "SFFinancialCalculatorTests/SFFinancialCalculatorTests-Info.plist";
				PRODUCT_NAME = "$(TARGET_NAME)";
				TEST_HOST = "$(BUNDLE_LOADER)";
				WRAPPER_EXTENSION = xctest;
			};
			name = Debug;
		};
		260AA02B184036A300024E9A /* Release */ = {
			isa = XCBuildConfiguration;
			buildSettings = {
				ARCHS = "$(ARCHS_STANDARD_INCLUDING_64_BIT)";
				BUNDLE_LOADER = "$(BUILT_PRODUCTS_DIR)/SFFinancialCalculator.app/SFFinancialCalculator";
				FRAMEWORK_SEARCH_PATHS = (
					"$(SDKROOT)/Developer/Library/Frameworks",
					"$(inherited)",
					"$(DEVELOPER_FRAMEWORKS_DIR)",
				);
				GCC_PRECOMPILE_PREFIX_HEADER = YES;
				GCC_PREFIX_HEADER = "SFFinancialCalculator/SFFinancialCalculator-Prefix.pch";
				INFOPLIST_FILE = "SFFinancialCalculatorTests/SFFinancialCalculatorTests-Info.plist";
				PRODUCT_NAME = "$(TARGET_NAME)";
				TEST_HOST = "$(BUNDLE_LOADER)";
				WRAPPER_EXTENSION = xctest;
			};
			name = Release;
		};
/* End XCBuildConfiguration section */

/* Begin XCConfigurationList section */
		260A9FEC184036A300024E9A /* Build configuration list for PBXProject "SFFinancialCalculator" */ = {
			isa = XCConfigurationList;
			buildConfigurations = (
				260AA024184036A300024E9A /* Debug */,
				260AA025184036A300024E9A /* Release */,
			);
			defaultConfigurationIsVisible = 0;
			defaultConfigurationName = Release;
		};
		260AA026184036A300024E9A /* Build configuration list for PBXNativeTarget "SFFinancialCalculator" */ = {
			isa = XCConfigurationList;
			buildConfigurations = (
				260AA027184036A300024E9A /* Debug */,
				260AA028184036A300024E9A /* Release */,
			);
			defaultConfigurationIsVisible = 0;
			defaultConfigurationName = Release;
		};
		260AA029184036A300024E9A /* Build configuration list for PBXNativeTarget "SFFinancialCalculatorTests" */ = {
			isa = XCConfigurationList;
			buildConfigurations = (
				260AA02A184036A300024E9A /* Debug */,
				260AA02B184036A300024E9A /* Release */,
			);
			defaultConfigurationIsVisible = 0;
			defaultConfigurationName = Release;
		};
/* End XCConfigurationList section */
	};
	rootObject = 260A9FE9184036A300024E9A /* Project object */;
}
